
Microsoft Visual Studio Solution File, Format Version 12.00
Project("{FAE04EC0-301F-11D3-BF4B-00C04F79EFBC}") = "OrderNow-Backend", "OrderNow-Backend\OrderNow-Backend.csproj", "{4FEF6869-B0A4-472E-B82C-70D26846D2D3}"
EndProject
Global
	GlobalSection(SolutionConfigurationPlatforms) = preSolution
		Debug|Any CPU = Debug|Any CPU
		Release|Any CPU = Release|Any CPU
	EndGlobalSection
	GlobalSection(ProjectConfigurationPlatforms) = postSolution
		{4FEF6869-B0A4-472E-B82C-70D26846D2D3}.Debug|Any CPU.ActiveCfg = Debug|Any CPU
		{4FEF6869-B0A4-472E-B82C-70D26846D2D3}.Debug|Any CPU.Build.0 = Debug|Any CPU
		{4FEF6869-B0A4-472E-B82C-70D26846D2D3}.Release|Any CPU.ActiveCfg = Release|Any CPU
		{4FEF6869-B0A4-472E-B82C-70D26846D2D3}.Release|Any CPU.Build.0 = Release|Any CPU
	EndGlobalSection
EndGlobal
